
Microsoft Visual Studio Solution File, Format Version 12.00
# Visual Studio Version 16
VisualStudioVersion = 16.0.32413.511
MinimumVisualStudioVersion = 10.0.40219.1
Project("{2150E333-8FDC-42A3-9474-1A3956D46DE8}") = "Task0", "Task0", "{D5B81543-8A6E-4F9B-B15A-F7B6628D0C4E}"
EndProject
Project("{FAE04EC0-301F-11D3-BF4B-00C04F79EFBC}") = "Tyuiu.NikolaevaAN.Sprint6.Task0.V26.Lib", "Tyuiu.NikolaevaAN.Sprint6.Task0.V26.Lib\Tyuiu.NikolaevaAN.Sprint6.Task0.V26.Lib.csproj", "{5AA5CAA1-F9EA-49CD-A5AF-9FF1397E7C56}"
EndProject
Project("{FAE04EC0-301F-11D3-BF4B-00C04F79EFBC}") = "Tyuiu.NikolaevaAN.Sprint6.Task0.V26.Test", "Tyuiu.NikolaevaAN.Sprint6.Task0.V26.Test\Tyuiu.NikolaevaAN.Sprint6.Task0.V26.Test.csproj", "{0A378168-0601-4149-AC70-5AD263B7D3DC}"
EndProject
Project("{FAE04EC0-301F-11D3-BF4B-00C04F79EFBC}") = "Tyuiu.NikolaevaAN.Sprint6.Task0.V26", "Tyuiu.NikolaevaAN.Sprint6.Task0.V26\Tyuiu.NikolaevaAN.Sprint6.Task0.V26.csproj", "{0ED59CC7-396A-4D61-92D8-CECC821176F5}"
EndProject
Project("{2150E333-8FDC-42A3-9474-1A3956D46DE8}") = "Task1", "Task1", "{2BD5420F-CC85-4B22-BAA7-565B090FF368}"
EndProject
Project("{FAE04EC0-301F-11D3-BF4B-00C04F79EFBC}") = "Tyuiu.NikolaevaAN.Sprint6.Task1.V6.Lib", "Tyuiu.NikolaevaAN.Sprint6.Task1.V6.Lib\Tyuiu.NikolaevaAN.Sprint6.Task1.V6.Lib.csproj", "{4B643126-C8B5-406B-B33E-D00F636539E2}"
EndProject
Project("{FAE04EC0-301F-11D3-BF4B-00C04F79EFBC}") = "Tyuiu.NikolaevaAN.Sprint6.Task1.V6.Test", "Tyuiu.NikolaevaAN.Sprint6.Task1.V6.Test\Tyuiu.NikolaevaAN.Sprint6.Task1.V6.Test.csproj", "{A2C53A60-092E-4E8E-AEA7-1FB63A66BD02}"
EndProject
Project("{FAE04EC0-301F-11D3-BF4B-00C04F79EFBC}") = "Tyuiu.NikolaevaAN.Sprint6.Task1.V6", "Tyuiu.NikolaevaAN.Sprint6.Task1.V6\Tyuiu.NikolaevaAN.Sprint6.Task1.V6.csproj", "{3315E769-AA3B-4BF3-9B60-6D36A605B73A}"
EndProject
Global
	GlobalSection(SolutionConfigurationPlatforms) = preSolution
		Debug|Any CPU = Debug|Any CPU
		Release|Any CPU = Release|Any CPU
	EndGlobalSection
	GlobalSection(ProjectConfigurationPlatforms) = postSolution
		{5AA5CAA1-F9EA-49CD-A5AF-9FF1397E7C56}.Debug|Any CPU.ActiveCfg = Debug|Any CPU
		{5AA5CAA1-F9EA-49CD-A5AF-9FF1397E7C56}.Debug|Any CPU.Build.0 = Debug|Any CPU
		{5AA5CAA1-F9EA-49CD-A5AF-9FF1397E7C56}.Release|Any CPU.ActiveCfg = Release|Any CPU
		{5AA5CAA1-F9EA-49CD-A5AF-9FF1397E7C56}.Release|Any CPU.Build.0 = Release|Any CPU
		{0A378168-0601-4149-AC70-5AD263B7D3DC}.Debug|Any CPU.ActiveCfg = Debug|Any CPU
		{0A378168-0601-4149-AC70-5AD263B7D3DC}.Debug|Any CPU.Build.0 = Debug|Any CPU
		{0A378168-0601-4149-AC70-5AD263B7D3DC}.Release|Any CPU.ActiveCfg = Release|Any CPU
		{0A378168-0601-4149-AC70-5AD263B7D3DC}.Release|Any CPU.Build.0 = Release|Any CPU
		{0ED59CC7-396A-4D61-92D8-CECC821176F5}.Debug|Any CPU.ActiveCfg = Debug|Any CPU
		{0ED59CC7-396A-4D61-92D8-CECC821176F5}.Debug|Any CPU.Build.0 = Debug|Any CPU
		{0ED59CC7-396A-4D61-92D8-CECC821176F5}.Release|Any CPU.ActiveCfg = Release|Any CPU
		{0ED59CC7-396A-4D61-92D8-CECC821176F5}.Release|Any CPU.Build.0 = Release|Any CPU
		{4B643126-C8B5-406B-B33E-D00F636539E2}.Debug|Any CPU.ActiveCfg = Debug|Any CPU
		{4B643126-C8B5-406B-B33E-D00F636539E2}.Debug|Any CPU.Build.0 = Debug|Any CPU
		{4B643126-C8B5-406B-B33E-D00F636539E2}.Release|Any CPU.ActiveCfg = Release|Any CPU
		{4B643126-C8B5-406B-B33E-D00F636539E2}.Release|Any CPU.Build.0 = Release|Any CPU
		{A2C53A60-092E-4E8E-AEA7-1FB63A66BD02}.Debug|Any CPU.ActiveCfg = Debug|Any CPU
		{A2C53A60-092E-4E8E-AEA7-1FB63A66BD02}.Debug|Any CPU.Build.0 = Debug|Any CPU
		{A2C53A60-092E-4E8E-AEA7-1FB63A66BD02}.Release|Any CPU.ActiveCfg = Release|Any CPU
		{A2C53A60-092E-4E8E-AEA7-1FB63A66BD02}.Release|Any CPU.Build.0 = Release|Any CPU
		{3315E769-AA3B-4BF3-9B60-6D36A605B73A}.Debug|Any CPU.ActiveCfg = Debug|Any CPU
		{3315E769-AA3B-4BF3-9B60-6D36A605B73A}.Debug|Any CPU.Build.0 = Debug|Any CPU
		{3315E769-AA3B-4BF3-9B60-6D36A605B73A}.Release|Any CPU.ActiveCfg = Release|Any CPU
		{3315E769-AA3B-4BF3-9B60-6D36A605B73A}.Release|Any CPU.Build.0 = Release|Any CPU
	EndGlobalSection
	GlobalSection(SolutionProperties) = preSolution
		HideSolutionNode = FALSE
	EndGlobalSection
	GlobalSection(NestedProjects) = preSolution
		{5AA5CAA1-F9EA-49CD-A5AF-9FF1397E7C56} = {D5B81543-8A6E-4F9B-B15A-F7B6628D0C4E}
		{0A378168-0601-4149-AC70-5AD263B7D3DC} = {D5B81543-8A6E-4F9B-B15A-F7B6628D0C4E}
		{0ED59CC7-396A-4D61-92D8-CECC821176F5} = {D5B81543-8A6E-4F9B-B15A-F7B6628D0C4E}
		{4B643126-C8B5-406B-B33E-D00F636539E2} = {2BD5420F-CC85-4B22-BAA7-565B090FF368}
		{A2C53A60-092E-4E8E-AEA7-1FB63A66BD02} = {2BD5420F-CC85-4B22-BAA7-565B090FF368}
		{3315E769-AA3B-4BF3-9B60-6D36A605B73A} = {2BD5420F-CC85-4B22-BAA7-565B090FF368}
	EndGlobalSection
	GlobalSection(ExtensibilityGlobals) = postSolution
		SolutionGuid = {FB6826A8-397B-431B-9033-740167C7E8A9}
	EndGlobalSection
EndGlobal
