
Microsoft Visual Studio Solution File, Format Version 12.00
# Visual Studio Version 16
VisualStudioVersion = 16.0.32413.511
MinimumVisualStudioVersion = 10.0.40219.1
Project("{2150E333-8FDC-42A3-9474-1A3956D46DE8}") = "Task0", "Task0", "{D5B81543-8A6E-4F9B-B15A-F7B6628D0C4E}"
EndProject
Project("{FAE04EC0-301F-11D3-BF4B-00C04F79EFBC}") = "Tyuiu.NikolaevaAN.Sprint6.Task0.V26.Lib", "Tyuiu.NikolaevaAN.Sprint6.Task0.V26.Lib\Tyuiu.NikolaevaAN.Sprint6.Task0.V26.Lib.csproj", "{5AA5CAA1-F9EA-49CD-A5AF-9FF1397E7C56}"
EndProject
Project("{FAE04EC0-301F-11D3-BF4B-00C04F79EFBC}") = "Tyuiu.NikolaevaAN.Sprint6.Task0.V26.Test", "Tyuiu.NikolaevaAN.Sprint6.Task0.V26.Test\Tyuiu.NikolaevaAN.Sprint6.Task0.V26.Test.csproj", "{0A378168-0601-4149-AC70-5AD263B7D3DC}"
EndProject
Project("{FAE04EC0-301F-11D3-BF4B-00C04F79EFBC}") = "Tyuiu.NikolaevaAN.Sprint6.Task0.V26", "Tyuiu.NikolaevaAN.Sprint6.Task0.V26\Tyuiu.NikolaevaAN.Sprint6.Task0.V26.csproj", "{0ED59CC7-396A-4D61-92D8-CECC821176F5}"
EndProject
Project("{2150E333-8FDC-42A3-9474-1A3956D46DE8}") = "Task1", "Task1", "{2BD5420F-CC85-4B22-BAA7-565B090FF368}"
EndProject
Project("{FAE04EC0-301F-11D3-BF4B-00C04F79EFBC}") = "Tyuiu.NikolaevaAN.Sprint6.Task1.V6.Lib", "Tyuiu.NikolaevaAN.Sprint6.Task1.V6.Lib\Tyuiu.NikolaevaAN.Sprint6.Task1.V6.Lib.csproj", "{4B643126-C8B5-406B-B33E-D00F636539E2}"
EndProject
Project("{FAE04EC0-301F-11D3-BF4B-00C04F79EFBC}") = "Tyuiu.NikolaevaAN.Sprint6.Task1.V6.Test", "Tyuiu.NikolaevaAN.Sprint6.Task1.V6.Test\Tyuiu.NikolaevaAN.Sprint6.Task1.V6.Test.csproj", "{A2C53A60-092E-4E8E-AEA7-1FB63A66BD02}"
EndProject
Project("{FAE04EC0-301F-11D3-BF4B-00C04F79EFBC}") = "Tyuiu.NikolaevaAN.Sprint6.Task1.V6", "Tyuiu.NikolaevaAN.Sprint6.Task1.V6\Tyuiu.NikolaevaAN.Sprint6.Task1.V6.csproj", "{3315E769-AA3B-4BF3-9B60-6D36A605B73A}"
EndProject
Project("{2150E333-8FDC-42A3-9474-1A3956D46DE8}") = "Task2", "Task2", "{3048A3C1-D1A9-4B8C-B8E0-244F1BF263B9}"
EndProject
Project("{FAE04EC0-301F-11D3-BF4B-00C04F79EFBC}") = "Tyuiu.NikolaevaAN.Sprint6.Task2.V29.Lib", "Tyuiu.NikolaevaAN.Sprint6.Task2.V29.Lib\Tyuiu.NikolaevaAN.Sprint6.Task2.V29.Lib.csproj", "{94CF92AB-CD3B-4AD9-A8E8-7FE1B68BA587}"
EndProject
Project("{FAE04EC0-301F-11D3-BF4B-00C04F79EFBC}") = "Tyuiu.NikolaevaAN.Sprint6.Task2.V29.Test", "Tyuiu.NikolaevaAN.Sprint6.Task2.V29.Test\Tyuiu.NikolaevaAN.Sprint6.Task2.V29.Test.csproj", "{AF404236-7A5B-450B-BE25-67B8972DA2F8}"
EndProject
Project("{FAE04EC0-301F-11D3-BF4B-00C04F79EFBC}") = "Tyuiu.NikolaevaAN.Sprint6.Task2.V29", "Tyuiu.NikolaevaAN.Sprint6.Task2.V29\Tyuiu.NikolaevaAN.Sprint6.Task2.V29.csproj", "{39C6061C-4FF0-4BFB-9A5E-EDC11AE9927E}"
EndProject
Project("{2150E333-8FDC-42A3-9474-1A3956D46DE8}") = "Task3", "Task3", "{70318546-6CFB-4A88-BBBA-F3FCF7E682FC}"
EndProject
Project("{FAE04EC0-301F-11D3-BF4B-00C04F79EFBC}") = "Tyuiu.NikolaevaAN.Sprint6.Task3.V9.Lib", "Tyuiu.NikolaevaAN.Sprint6.Task3.V9.Lib\Tyuiu.NikolaevaAN.Sprint6.Task3.V9.Lib.csproj", "{25BC3991-60FE-4212-9A06-C797EAC36FD5}"
EndProject
Project("{FAE04EC0-301F-11D3-BF4B-00C04F79EFBC}") = "Tyuiu.NikolaevaAN.Sprint6.Task3.V9.Test", "Tyuiu.NikolaevaAN.Sprint6.Task3.V9.Test\Tyuiu.NikolaevaAN.Sprint6.Task3.V9.Test.csproj", "{4625EBB8-EC02-47E5-9A8D-05DAEE14BD79}"
EndProject
Project("{FAE04EC0-301F-11D3-BF4B-00C04F79EFBC}") = "Tyuiu.NikolaevaAN.Sprint6.Task3.V9", "Tyuiu.NikolaevaAN.Sprint6.Task3.V9\Tyuiu.NikolaevaAN.Sprint6.Task3.V9.csproj", "{D22F02E5-FA8C-44E0-A12B-E56927DCFB29}"
EndProject
Project("{2150E333-8FDC-42A3-9474-1A3956D46DE8}") = "Task4", "Task4", "{6773B791-47B0-47D5-B80F-DD21661BF247}"
EndProject
Project("{FAE04EC0-301F-11D3-BF4B-00C04F79EFBC}") = "Tyuiu.NikolaevaAN.Sprint6.Task4.V27.Lib", "Tyuiu.NikolaevaAN.Sprint6.Task4.V27.Lib\Tyuiu.NikolaevaAN.Sprint6.Task4.V27.Lib.csproj", "{EF781B03-A418-4DD8-B824-D70598E3C524}"
EndProject
Project("{FAE04EC0-301F-11D3-BF4B-00C04F79EFBC}") = "Tyuiu.NikolaevaAN.Sprint6.Task4.V27.Test", "Tyuiu.NikolaevaAN.Sprint6.Task4.V27.Test\Tyuiu.NikolaevaAN.Sprint6.Task4.V27.Test.csproj", "{7376CCB8-AE98-427F-9F84-90CE4E12FC3F}"
EndProject
Project("{FAE04EC0-301F-11D3-BF4B-00C04F79EFBC}") = "Tyuiu.NikolaevaAN.Sprint6.Task4.V27", "Tyuiu.NikolaevaAN.Sprint6.Task4.V27\Tyuiu.NikolaevaAN.Sprint6.Task4.V27.csproj", "{B8797DEE-9A60-46A9-B9EF-D26168F117EC}"
EndProject
Project("{2150E333-8FDC-42A3-9474-1A3956D46DE8}") = "Task5", "Task5", "{5FEF6650-82A9-4313-A0A6-176340EEE9BD}"
EndProject
Project("{FAE04EC0-301F-11D3-BF4B-00C04F79EFBC}") = "Tyuiu.NikolaevaAN.Sprint6.Task5.V3.Lib", "Tyuiu.NikolaevaAN.Sprint6.Task5.V3.Lib\Tyuiu.NikolaevaAN.Sprint6.Task5.V3.Lib.csproj", "{A6C6A63B-BEA9-4CCA-8C6C-8D59B0B7CB39}"
EndProject
Project("{FAE04EC0-301F-11D3-BF4B-00C04F79EFBC}") = "Tyuiu.NikolaevaAN.Sprint6.Task5.V3.Test", "Tyuiu.NikolaevaAN.Sprint6.Task5.V3.Test\Tyuiu.NikolaevaAN.Sprint6.Task5.V3.Test.csproj", "{F3D2C92E-A535-4455-BF40-020A4B82B0DE}"
EndProject
Project("{FAE04EC0-301F-11D3-BF4B-00C04F79EFBC}") = "Tyuiu.NikolaevaAN.Sprint6.Task5.V3", "Tyuiu.NikolaevaAN.Sprint6.Task5.V3\Tyuiu.NikolaevaAN.Sprint6.Task5.V3.csproj", "{A9C8A497-EDD2-41F4-980F-EAC050559961}"
EndProject
Project("{2150E333-8FDC-42A3-9474-1A3956D46DE8}") = "Task6", "Task6", "{0152D8C6-B5F5-4333-B1BE-2685DE4DCF64}"
EndProject
Project("{FAE04EC0-301F-11D3-BF4B-00C04F79EFBC}") = "Tyuiu.NikolaevaAN.Sprint6.Task6.V24.Lib", "Tyuiu.NikolaevaAN.Sprint6.Task6.V24.Lib\Tyuiu.NikolaevaAN.Sprint6.Task6.V24.Lib.csproj", "{11E5FE0F-94AF-477B-BC26-F2F8D1367779}"
EndProject
Project("{FAE04EC0-301F-11D3-BF4B-00C04F79EFBC}") = "Tyuiu.NikolaevaAN.Sprint6.Task6.V24.Test", "Tyuiu.NikolaevaAN.Sprint6.Task6.V24.Test\Tyuiu.NikolaevaAN.Sprint6.Task6.V24.Test.csproj", "{3D9700CC-0FB9-4BB7-BAD8-255676DB36E3}"
EndProject
Project("{FAE04EC0-301F-11D3-BF4B-00C04F79EFBC}") = "Tyuiu.NikolaevaAN.Sprint6.Task6.V24", "Tyuiu.NikolaevaAN.Sprint6.Task6.V24\Tyuiu.NikolaevaAN.Sprint6.Task6.V24.csproj", "{8461DBD6-D333-4A47-B831-933146CCDAFB}"
EndProject
Global
	GlobalSection(SolutionConfigurationPlatforms) = preSolution
		Debug|Any CPU = Debug|Any CPU
		Release|Any CPU = Release|Any CPU
	EndGlobalSection
	GlobalSection(ProjectConfigurationPlatforms) = postSolution
		{5AA5CAA1-F9EA-49CD-A5AF-9FF1397E7C56}.Debug|Any CPU.ActiveCfg = Debug|Any CPU
		{5AA5CAA1-F9EA-49CD-A5AF-9FF1397E7C56}.Debug|Any CPU.Build.0 = Debug|Any CPU
		{5AA5CAA1-F9EA-49CD-A5AF-9FF1397E7C56}.Release|Any CPU.ActiveCfg = Release|Any CPU
		{5AA5CAA1-F9EA-49CD-A5AF-9FF1397E7C56}.Release|Any CPU.Build.0 = Release|Any CPU
		{0A378168-0601-4149-AC70-5AD263B7D3DC}.Debug|Any CPU.ActiveCfg = Debug|Any CPU
		{0A378168-0601-4149-AC70-5AD263B7D3DC}.Debug|Any CPU.Build.0 = Debug|Any CPU
		{0A378168-0601-4149-AC70-5AD263B7D3DC}.Release|Any CPU.ActiveCfg = Release|Any CPU
		{0A378168-0601-4149-AC70-5AD263B7D3DC}.Release|Any CPU.Build.0 = Release|Any CPU
		{0ED59CC7-396A-4D61-92D8-CECC821176F5}.Debug|Any CPU.ActiveCfg = Debug|Any CPU
		{0ED59CC7-396A-4D61-92D8-CECC821176F5}.Debug|Any CPU.Build.0 = Debug|Any CPU
		{0ED59CC7-396A-4D61-92D8-CECC821176F5}.Release|Any CPU.ActiveCfg = Release|Any CPU
		{0ED59CC7-396A-4D61-92D8-CECC821176F5}.Release|Any CPU.Build.0 = Release|Any CPU
		{4B643126-C8B5-406B-B33E-D00F636539E2}.Debug|Any CPU.ActiveCfg = Debug|Any CPU
		{4B643126-C8B5-406B-B33E-D00F636539E2}.Debug|Any CPU.Build.0 = Debug|Any CPU
		{4B643126-C8B5-406B-B33E-D00F636539E2}.Release|Any CPU.ActiveCfg = Release|Any CPU
		{4B643126-C8B5-406B-B33E-D00F636539E2}.Release|Any CPU.Build.0 = Release|Any CPU
		{A2C53A60-092E-4E8E-AEA7-1FB63A66BD02}.Debug|Any CPU.ActiveCfg = Debug|Any CPU
		{A2C53A60-092E-4E8E-AEA7-1FB63A66BD02}.Debug|Any CPU.Build.0 = Debug|Any CPU
		{A2C53A60-092E-4E8E-AEA7-1FB63A66BD02}.Release|Any CPU.ActiveCfg = Release|Any CPU
		{A2C53A60-092E-4E8E-AEA7-1FB63A66BD02}.Release|Any CPU.Build.0 = Release|Any CPU
		{3315E769-AA3B-4BF3-9B60-6D36A605B73A}.Debug|Any CPU.ActiveCfg = Debug|Any CPU
		{3315E769-AA3B-4BF3-9B60-6D36A605B73A}.Debug|Any CPU.Build.0 = Debug|Any CPU
		{3315E769-AA3B-4BF3-9B60-6D36A605B73A}.Release|Any CPU.ActiveCfg = Release|Any CPU
		{3315E769-AA3B-4BF3-9B60-6D36A605B73A}.Release|Any CPU.Build.0 = Release|Any CPU
		{94CF92AB-CD3B-4AD9-A8E8-7FE1B68BA587}.Debug|Any CPU.ActiveCfg = Debug|Any CPU
		{94CF92AB-CD3B-4AD9-A8E8-7FE1B68BA587}.Debug|Any CPU.Build.0 = Debug|Any CPU
		{94CF92AB-CD3B-4AD9-A8E8-7FE1B68BA587}.Release|Any CPU.ActiveCfg = Release|Any CPU
		{94CF92AB-CD3B-4AD9-A8E8-7FE1B68BA587}.Release|Any CPU.Build.0 = Release|Any CPU
		{AF404236-7A5B-450B-BE25-67B8972DA2F8}.Debug|Any CPU.ActiveCfg = Debug|Any CPU
		{AF404236-7A5B-450B-BE25-67B8972DA2F8}.Debug|Any CPU.Build.0 = Debug|Any CPU
		{AF404236-7A5B-450B-BE25-67B8972DA2F8}.Release|Any CPU.ActiveCfg = Release|Any CPU
		{AF404236-7A5B-450B-BE25-67B8972DA2F8}.Release|Any CPU.Build.0 = Release|Any CPU
		{39C6061C-4FF0-4BFB-9A5E-EDC11AE9927E}.Debug|Any CPU.ActiveCfg = Debug|Any CPU
		{39C6061C-4FF0-4BFB-9A5E-EDC11AE9927E}.Debug|Any CPU.Build.0 = Debug|Any CPU
		{39C6061C-4FF0-4BFB-9A5E-EDC11AE9927E}.Release|Any CPU.ActiveCfg = Release|Any CPU
		{39C6061C-4FF0-4BFB-9A5E-EDC11AE9927E}.Release|Any CPU.Build.0 = Release|Any CPU
		{25BC3991-60FE-4212-9A06-C797EAC36FD5}.Debug|Any CPU.ActiveCfg = Debug|Any CPU
		{25BC3991-60FE-4212-9A06-C797EAC36FD5}.Debug|Any CPU.Build.0 = Debug|Any CPU
		{25BC3991-60FE-4212-9A06-C797EAC36FD5}.Release|Any CPU.ActiveCfg = Release|Any CPU
		{25BC3991-60FE-4212-9A06-C797EAC36FD5}.Release|Any CPU.Build.0 = Release|Any CPU
		{4625EBB8-EC02-47E5-9A8D-05DAEE14BD79}.Debug|Any CPU.ActiveCfg = Debug|Any CPU
		{4625EBB8-EC02-47E5-9A8D-05DAEE14BD79}.Debug|Any CPU.Build.0 = Debug|Any CPU
		{4625EBB8-EC02-47E5-9A8D-05DAEE14BD79}.Release|Any CPU.ActiveCfg = Release|Any CPU
		{4625EBB8-EC02-47E5-9A8D-05DAEE14BD79}.Release|Any CPU.Build.0 = Release|Any CPU
		{D22F02E5-FA8C-44E0-A12B-E56927DCFB29}.Debug|Any CPU.ActiveCfg = Debug|Any CPU
		{D22F02E5-FA8C-44E0-A12B-E56927DCFB29}.Debug|Any CPU.Build.0 = Debug|Any CPU
		{D22F02E5-FA8C-44E0-A12B-E56927DCFB29}.Release|Any CPU.ActiveCfg = Release|Any CPU
		{D22F02E5-FA8C-44E0-A12B-E56927DCFB29}.Release|Any CPU.Build.0 = Release|Any CPU
		{EF781B03-A418-4DD8-B824-D70598E3C524}.Debug|Any CPU.ActiveCfg = Debug|Any CPU
		{EF781B03-A418-4DD8-B824-D70598E3C524}.Debug|Any CPU.Build.0 = Debug|Any CPU
		{EF781B03-A418-4DD8-B824-D70598E3C524}.Release|Any CPU.ActiveCfg = Release|Any CPU
		{EF781B03-A418-4DD8-B824-D70598E3C524}.Release|Any CPU.Build.0 = Release|Any CPU
		{7376CCB8-AE98-427F-9F84-90CE4E12FC3F}.Debug|Any CPU.ActiveCfg = Debug|Any CPU
		{7376CCB8-AE98-427F-9F84-90CE4E12FC3F}.Debug|Any CPU.Build.0 = Debug|Any CPU
		{7376CCB8-AE98-427F-9F84-90CE4E12FC3F}.Release|Any CPU.ActiveCfg = Release|Any CPU
		{7376CCB8-AE98-427F-9F84-90CE4E12FC3F}.Release|Any CPU.Build.0 = Release|Any CPU
		{B8797DEE-9A60-46A9-B9EF-D26168F117EC}.Debug|Any CPU.ActiveCfg = Debug|Any CPU
		{B8797DEE-9A60-46A9-B9EF-D26168F117EC}.Debug|Any CPU.Build.0 = Debug|Any CPU
		{B8797DEE-9A60-46A9-B9EF-D26168F117EC}.Release|Any CPU.ActiveCfg = Release|Any CPU
		{B8797DEE-9A60-46A9-B9EF-D26168F117EC}.Release|Any CPU.Build.0 = Release|Any CPU
		{A6C6A63B-BEA9-4CCA-8C6C-8D59B0B7CB39}.Debug|Any CPU.ActiveCfg = Debug|Any CPU
		{A6C6A63B-BEA9-4CCA-8C6C-8D59B0B7CB39}.Debug|Any CPU.Build.0 = Debug|Any CPU
		{A6C6A63B-BEA9-4CCA-8C6C-8D59B0B7CB39}.Release|Any CPU.ActiveCfg = Release|Any CPU
		{A6C6A63B-BEA9-4CCA-8C6C-8D59B0B7CB39}.Release|Any CPU.Build.0 = Release|Any CPU
		{F3D2C92E-A535-4455-BF40-020A4B82B0DE}.Debug|Any CPU.ActiveCfg = Debug|Any CPU
		{F3D2C92E-A535-4455-BF40-020A4B82B0DE}.Debug|Any CPU.Build.0 = Debug|Any CPU
		{F3D2C92E-A535-4455-BF40-020A4B82B0DE}.Release|Any CPU.ActiveCfg = Release|Any CPU
		{F3D2C92E-A535-4455-BF40-020A4B82B0DE}.Release|Any CPU.Build.0 = Release|Any CPU
		{A9C8A497-EDD2-41F4-980F-EAC050559961}.Debug|Any CPU.ActiveCfg = Debug|Any CPU
		{A9C8A497-EDD2-41F4-980F-EAC050559961}.Debug|Any CPU.Build.0 = Debug|Any CPU
		{A9C8A497-EDD2-41F4-980F-EAC050559961}.Release|Any CPU.ActiveCfg = Release|Any CPU
		{A9C8A497-EDD2-41F4-980F-EAC050559961}.Release|Any CPU.Build.0 = Release|Any CPU
		{11E5FE0F-94AF-477B-BC26-F2F8D1367779}.Debug|Any CPU.ActiveCfg = Debug|Any CPU
		{11E5FE0F-94AF-477B-BC26-F2F8D1367779}.Debug|Any CPU.Build.0 = Debug|Any CPU
		{11E5FE0F-94AF-477B-BC26-F2F8D1367779}.Release|Any CPU.ActiveCfg = Release|Any CPU
		{11E5FE0F-94AF-477B-BC26-F2F8D1367779}.Release|Any CPU.Build.0 = Release|Any CPU
		{3D9700CC-0FB9-4BB7-BAD8-255676DB36E3}.Debug|Any CPU.ActiveCfg = Debug|Any CPU
		{3D9700CC-0FB9-4BB7-BAD8-255676DB36E3}.Debug|Any CPU.Build.0 = Debug|Any CPU
		{3D9700CC-0FB9-4BB7-BAD8-255676DB36E3}.Release|Any CPU.ActiveCfg = Release|Any CPU
		{3D9700CC-0FB9-4BB7-BAD8-255676DB36E3}.Release|Any CPU.Build.0 = Release|Any CPU
		{8461DBD6-D333-4A47-B831-933146CCDAFB}.Debug|Any CPU.ActiveCfg = Debug|Any CPU
		{8461DBD6-D333-4A47-B831-933146CCDAFB}.Debug|Any CPU.Build.0 = Debug|Any CPU
		{8461DBD6-D333-4A47-B831-933146CCDAFB}.Release|Any CPU.ActiveCfg = Release|Any CPU
		{8461DBD6-D333-4A47-B831-933146CCDAFB}.Release|Any CPU.Build.0 = Release|Any CPU
	EndGlobalSection
	GlobalSection(SolutionProperties) = preSolution
		HideSolutionNode = FALSE
	EndGlobalSection
	GlobalSection(NestedProjects) = preSolution
		{5AA5CAA1-F9EA-49CD-A5AF-9FF1397E7C56} = {D5B81543-8A6E-4F9B-B15A-F7B6628D0C4E}
		{0A378168-0601-4149-AC70-5AD263B7D3DC} = {D5B81543-8A6E-4F9B-B15A-F7B6628D0C4E}
		{0ED59CC7-396A-4D61-92D8-CECC821176F5} = {D5B81543-8A6E-4F9B-B15A-F7B6628D0C4E}
		{4B643126-C8B5-406B-B33E-D00F636539E2} = {2BD5420F-CC85-4B22-BAA7-565B090FF368}
		{A2C53A60-092E-4E8E-AEA7-1FB63A66BD02} = {2BD5420F-CC85-4B22-BAA7-565B090FF368}
		{3315E769-AA3B-4BF3-9B60-6D36A605B73A} = {2BD5420F-CC85-4B22-BAA7-565B090FF368}
		{94CF92AB-CD3B-4AD9-A8E8-7FE1B68BA587} = {3048A3C1-D1A9-4B8C-B8E0-244F1BF263B9}
		{AF404236-7A5B-450B-BE25-67B8972DA2F8} = {3048A3C1-D1A9-4B8C-B8E0-244F1BF263B9}
		{39C6061C-4FF0-4BFB-9A5E-EDC11AE9927E} = {3048A3C1-D1A9-4B8C-B8E0-244F1BF263B9}
		{25BC3991-60FE-4212-9A06-C797EAC36FD5} = {70318546-6CFB-4A88-BBBA-F3FCF7E682FC}
		{4625EBB8-EC02-47E5-9A8D-05DAEE14BD79} = {70318546-6CFB-4A88-BBBA-F3FCF7E682FC}
		{D22F02E5-FA8C-44E0-A12B-E56927DCFB29} = {70318546-6CFB-4A88-BBBA-F3FCF7E682FC}
		{EF781B03-A418-4DD8-B824-D70598E3C524} = {6773B791-47B0-47D5-B80F-DD21661BF247}
		{7376CCB8-AE98-427F-9F84-90CE4E12FC3F} = {6773B791-47B0-47D5-B80F-DD21661BF247}
		{B8797DEE-9A60-46A9-B9EF-D26168F117EC} = {6773B791-47B0-47D5-B80F-DD21661BF247}
		{A6C6A63B-BEA9-4CCA-8C6C-8D59B0B7CB39} = {5FEF6650-82A9-4313-A0A6-176340EEE9BD}
		{F3D2C92E-A535-4455-BF40-020A4B82B0DE} = {5FEF6650-82A9-4313-A0A6-176340EEE9BD}
		{A9C8A497-EDD2-41F4-980F-EAC050559961} = {5FEF6650-82A9-4313-A0A6-176340EEE9BD}
		{11E5FE0F-94AF-477B-BC26-F2F8D1367779} = {0152D8C6-B5F5-4333-B1BE-2685DE4DCF64}
		{3D9700CC-0FB9-4BB7-BAD8-255676DB36E3} = {0152D8C6-B5F5-4333-B1BE-2685DE4DCF64}
		{8461DBD6-D333-4A47-B831-933146CCDAFB} = {0152D8C6-B5F5-4333-B1BE-2685DE4DCF64}
	EndGlobalSection
	GlobalSection(ExtensibilityGlobals) = postSolution
		SolutionGuid = {FB6826A8-397B-431B-9033-740167C7E8A9}
	EndGlobalSection
EndGlobal
